
Microsoft Visual Studio Solution File, Format Version 12.00
# Visual Studio Version 17
VisualStudioVersion = 17.13.35825.156
MinimumVisualStudioVersion = 10.0.40219.1
Project("{FAE04EC0-301F-11D3-BF4B-00C04F79EFBC}") = "windows-watchdog-cs", "windows-watchdog-cs\windows-watchdog-cs.csproj", "{8B058802-2D58-70AD-6635-625CFEC03072}"
EndProject
Project("{54435603-DBB4-11D2-8724-00A0C9A8B90C}") = "windows-watchdog-cs-installer", "windows-watchdog-cs-installer\windows-watchdog-cs-installer.vdproj", "{2F3C53DE-D644-9094-F895-F90B35C9B375}"
EndProject
Global
	GlobalSection(SolutionConfigurationPlatforms) = preSolution
		Debug|Any CPU = Debug|Any CPU
		Release|Any CPU = Release|Any CPU
	EndGlobalSection
	GlobalSection(ProjectConfigurationPlatforms) = postSolution
		{8B058802-2D58-70AD-6635-625CFEC03072}.Debug|Any CPU.ActiveCfg = Debug|Any CPU
		{8B058802-2D58-70AD-6635-625CFEC03072}.Debug|Any CPU.Build.0 = Debug|Any CPU
		{8B058802-2D58-70AD-6635-625CFEC03072}.Release|Any CPU.ActiveCfg = Release|Any CPU
		{8B058802-2D58-70AD-6635-625CFEC03072}.Release|Any CPU.Build.0 = Release|Any CPU
		{2F3C53DE-D644-9094-F895-F90B35C9B375}.Debug|Any CPU.ActiveCfg = Debug
		{2F3C53DE-D644-9094-F895-F90B35C9B375}.Release|Any CPU.ActiveCfg = Release
		{2F3C53DE-D644-9094-F895-F90B35C9B375}.Release|Any CPU.Build.0 = Release
	EndGlobalSection
	GlobalSection(SolutionProperties) = preSolution
		HideSolutionNode = FALSE
	EndGlobalSection
	GlobalSection(ExtensibilityGlobals) = postSolution
		SolutionGuid = {1A4DC6F5-2C8C-464A-A65C-92B749857B06}
	EndGlobalSection
EndGlobal
